PODS:
  - Eureka (5.1.0)
  - EZAlertController (3.2)
  - FMDB (2.7.5):
    - FMDB/standard (= 2.7.5)
  - FMDB/standard (2.7.5)
  - LKDBHelper (2.5.2):
    - LKDBHelper/standard (= 2.5.2)
  - LKDBHelper/standard (2.5.2):
    - FMDB
  - PKHUD (5.3.0)
  - SmileLock (3.0.7)
  - stellar-ios-mac-sdk (1.7.0)
  - SwiftKeychainWrapper (3.4.0)
  - SwiftyJSON (5.0.0)
  - XLPagerTabStrip (9.0.0)

DEPENDENCIES:
  - Eureka
  - EZAlertController (= 3.2)
  - LKDBHelper
  - PKHUD
  - SmileLock
  - stellar-ios-mac-sdk
  - SwiftKeychainWrapper
  - SwiftyJSON
  - XLPagerTabStrip

SPEC REPOS:
  https://github.com/cocoapods/specs.git:
    - Eureka
    - EZAlertController
    - FMDB
    - LKDBHelper
    - PKHUD
    - SmileLock
    - stellar-ios-mac-sdk
    - SwiftKeychainWrapper
    - SwiftyJSON
    - XLPagerTabStrip

SPEC CHECKSUMS:
  Eureka: 18a5076dcf0c41f9cd9748aa1c42f4d11434bdae
  EZAlertController: 633be01320bed47720be54054df47667d61c2481
  FMDB: 2ce00b547f966261cd18927a3ddb07cb6f3db82a
  LKDBHelper: 9afb4d8f314e284d698d456422b3828e691f40b4
  PKHUD: 98f3e4bc904b9c916f1c5bb6d765365b5357291b
  SmileLock: 46b847b3ad963e3140d083b53f09036a4d210537
  stellar-ios-mac-sdk: d4e826707d24d4c7d16089fe184e0b3a472790d3
  SwiftKeychainWrapper: 6fc49fbf7d4a6b0772917acb0e53a1639f6078d6
  SwiftyJSON: 36413e04c44ee145039d332b4f4e2d3e8d6c4db7
  XLPagerTabStrip: 61c57fd61f611ee5f01ff1495ad6fbee8bf496c5

PODFILE CHECKSUM: e66dd4c143bc1b68e5e46a6000fa5f83e1412771

COCOAPODS: 1.6.1
